
Microsoft Visual Studio Solution File, Format Version 12.00
# Visual Studio Version 17
VisualStudioVersion = 17.10.34928.147
MinimumVisualStudioVersion = 10.0.40219.1
Project("{2150E333-8FDC-42A3-9474-1A3956D46DE8}") = "ApiConsume", "ApiConsume", "{834666CC-0C82-4E61-AFC7-280C1856F800}"
EndProject
Project("{2150E333-8FDC-42A3-9474-1A3956D46DE8}") = "FrontEnd", "FrontEnd", "{283807CC-EA97-410A-A7D5-641D4E598F03}"
EndProject
Project("{9A19103F-16F7-4668-BE54-9A1E7A4F7556}") = "HotelProject.DTOLayer", "ApiConsume\HotelProject.DTOLayer\HotelProject.DTOLayer.csproj", "{9CCE8CAB-1641-4FF4-BE9A-AD8A4D74EA9A}"
EndProject
Project("{9A19103F-16F7-4668-BE54-9A1E7A4F7556}") = "HotelProject.DataAccess", "ApiConsume\HotelProject.DataAccess\HotelProject.DataAccess.csproj", "{7EBDC077-7A37-4562-99DC-D0EE02378991}"
EndProject
Project("{9A19103F-16F7-4668-BE54-9A1E7A4F7556}") = "HotelProject.EntityLayer", "ApiConsume\HotelProject.EntityLayer\HotelProject.EntityLayer.csproj", "{10BDBC17-683E-47E0-8008-4C1B44A865A9}"
EndProject
Project("{9A19103F-16F7-4668-BE54-9A1E7A4F7556}") = "HotelProject.WebApi", "ApiConsume\HotelProject.WebApi\HotelProject.WebApi.csproj", "{340EF561-3262-45B0-94B4-387C8F5B397B}"
EndProject
Project("{9A19103F-16F7-4668-BE54-9A1E7A4F7556}") = "HotelProject.UI", "FrontEnd\HotelProject.UI\HotelProject.UI.csproj", "{E2A7AAF7-4C26-47E3-8174-76CB1ED60E02}"
EndProject
Project("{9A19103F-16F7-4668-BE54-9A1E7A4F7556}") = "HotelProject.Business", "ApiConsume\HotelProject.Business\HotelProject.Business.csproj", "{E63EC3BF-3D05-4D1C-8B95-570052B98A4B}"
EndProject
Global
	GlobalSection(SolutionConfigurationPlatforms) = preSolution
		Debug|Any CPU = Debug|Any CPU
		Release|Any CPU = Release|Any CPU
	EndGlobalSection
	GlobalSection(ProjectConfigurationPlatforms) = postSolution
		{9CCE8CAB-1641-4FF4-BE9A-AD8A4D74EA9A}.Debug|Any CPU.ActiveCfg = Debug|Any CPU
		{9CCE8CAB-1641-4FF4-BE9A-AD8A4D74EA9A}.Debug|Any CPU.Build.0 = Debug|Any CPU
		{9CCE8CAB-1641-4FF4-BE9A-AD8A4D74EA9A}.Release|Any CPU.ActiveCfg = Release|Any CPU
		{9CCE8CAB-1641-4FF4-BE9A-AD8A4D74EA9A}.Release|Any CPU.Build.0 = Release|Any CPU
		{7EBDC077-7A37-4562-99DC-D0EE02378991}.Debug|Any CPU.ActiveCfg = Debug|Any CPU
		{7EBDC077-7A37-4562-99DC-D0EE02378991}.Debug|Any CPU.Build.0 = Debug|Any CPU
		{7EBDC077-7A37-4562-99DC-D0EE02378991}.Release|Any CPU.ActiveCfg = Release|Any CPU
		{7EBDC077-7A37-4562-99DC-D0EE02378991}.Release|Any CPU.Build.0 = Release|Any CPU
		{10BDBC17-683E-47E0-8008-4C1B44A865A9}.Debug|Any CPU.ActiveCfg = Debug|Any CPU
		{10BDBC17-683E-47E0-8008-4C1B44A865A9}.Debug|Any CPU.Build.0 = Debug|Any CPU
		{10BDBC17-683E-47E0-8008-4C1B44A865A9}.Release|Any CPU.ActiveCfg = Release|Any CPU
		{10BDBC17-683E-47E0-8008-4C1B44A865A9}.Release|Any CPU.Build.0 = Release|Any CPU
		{340EF561-3262-45B0-94B4-387C8F5B397B}.Debug|Any CPU.ActiveCfg = Debug|Any CPU
		{340EF561-3262-45B0-94B4-387C8F5B397B}.Debug|Any CPU.Build.0 = Debug|Any CPU
		{340EF561-3262-45B0-94B4-387C8F5B397B}.Release|Any CPU.ActiveCfg = Release|Any CPU
		{340EF561-3262-45B0-94B4-387C8F5B397B}.Release|Any CPU.Build.0 = Release|Any CPU
		{E2A7AAF7-4C26-47E3-8174-76CB1ED60E02}.Debug|Any CPU.ActiveCfg = Debug|Any CPU
		{E2A7AAF7-4C26-47E3-8174-76CB1ED60E02}.Debug|Any CPU.Build.0 = Debug|Any CPU
		{E2A7AAF7-4C26-47E3-8174-76CB1ED60E02}.Release|Any CPU.ActiveCfg = Release|Any CPU
		{E2A7AAF7-4C26-47E3-8174-76CB1ED60E02}.Release|Any CPU.Build.0 = Release|Any CPU
		{E63EC3BF-3D05-4D1C-8B95-570052B98A4B}.Debug|Any CPU.ActiveCfg = Debug|Any CPU
		{E63EC3BF-3D05-4D1C-8B95-570052B98A4B}.Debug|Any CPU.Build.0 = Debug|Any CPU
		{E63EC3BF-3D05-4D1C-8B95-570052B98A4B}.Release|Any CPU.ActiveCfg = Release|Any CPU
		{E63EC3BF-3D05-4D1C-8B95-570052B98A4B}.Release|Any CPU.Build.0 = Release|Any CPU
	EndGlobalSection
	GlobalSection(SolutionProperties) = preSolution
		HideSolutionNode = FALSE
	EndGlobalSection
	GlobalSection(NestedProjects) = preSolution
		{9CCE8CAB-1641-4FF4-BE9A-AD8A4D74EA9A} = {834666CC-0C82-4E61-AFC7-280C1856F800}
		{7EBDC077-7A37-4562-99DC-D0EE02378991} = {834666CC-0C82-4E61-AFC7-280C1856F800}
		{10BDBC17-683E-47E0-8008-4C1B44A865A9} = {834666CC-0C82-4E61-AFC7-280C1856F800}
		{340EF561-3262-45B0-94B4-387C8F5B397B} = {834666CC-0C82-4E61-AFC7-280C1856F800}
		{E2A7AAF7-4C26-47E3-8174-76CB1ED60E02} = {283807CC-EA97-410A-A7D5-641D4E598F03}
		{E63EC3BF-3D05-4D1C-8B95-570052B98A4B} = {834666CC-0C82-4E61-AFC7-280C1856F800}
	EndGlobalSection
	GlobalSection(ExtensibilityGlobals) = postSolution
		SolutionGuid = {049FB467-16B1-4D8D-B428-623EAFFFED9A}
	EndGlobalSection
EndGlobal
